
Microsoft Visual Studio Solution File, Format Version 11.00
# Visual Studio 2010
Project("{FAE04EC0-301F-11D3-BF4B-00C04F79EFBC}") = "Assembly-CSharp", "Assembly-CSharp.csproj", "{6230a64d-5563-685d-58fd-a001e1c8c3b6}"
EndProject
Project("{FAE04EC0-301F-11D3-BF4B-00C04F79EFBC}") = "Assembly-CSharp-Editor-firstpass", "Assembly-CSharp-Editor-firstpass.csproj", "{a597320f-bc06-e131-19df-01fe14faaef8}"
EndProject
Global
	GlobalSection(SolutionConfigurationPlatforms) = preSolution
		Debug|Any CPU = Debug|Any CPU
	EndGlobalSection
	GlobalSection(ProjectConfigurationPlatforms) = postSolution
		{6230a64d-5563-685d-58fd-a001e1c8c3b6}.Debug|Any CPU.ActiveCfg = Debug|Any CPU
		{6230a64d-5563-685d-58fd-a001e1c8c3b6}.Debug|Any CPU.Build.0 = Debug|Any CPU
		{a597320f-bc06-e131-19df-01fe14faaef8}.Debug|Any CPU.ActiveCfg = Debug|Any CPU
		{a597320f-bc06-e131-19df-01fe14faaef8}.Debug|Any CPU.Build.0 = Debug|Any CPU
	EndGlobalSection
	GlobalSection(SolutionProperties) = preSolution
		HideSolutionNode = FALSE
	EndGlobalSection
EndGlobal
